<?xml version="1.0" encoding="utf-8"?>
<Project ToolsVersion="4.0" xmlns="http://schemas.microsoft.com/developer/msbuild/2003">
  <ItemGroup>
    <Filter Include="Source Files">
      <UniqueIdentifier>{4FC737F1-C7A5-4376-A066-2A32D752A2FF}</UniqueIdentifier>
      <Extensions>cpp;c;cc;cxx;c++;cppm;def;odl;idl;hpj;bat;asm;asmx</Extensions>
    </Filter>
    <Filter Include="Header Files">
      <UniqueIdentifier>{93995380-89BD-4b04-88EB-625FBE52EBFB}</UniqueIdentifier>
      <Extensions>h;hh;hpp;hxx;h++;hm;inl;inc;ipp;xsd</Extensions>
    </Filter>
    <Filter Include="Resource Files">
      <UniqueIdentifier>{67DA6AB6-F800-4c08-8B7A-83BB121AAD01}</UniqueIdentifier>
      <Extensions>rc;ico;cur;bmp;dlg;rc2;rct;bin;rgs;gif;jpg;jpeg;jpe;resx;tiff;tif;png;wav;mfcribbon-ms</Extensions>
    </Filter>
    <Filter Include="Module Interface Files">
      <UniqueIdentifier>{71F5A81B-FE64-4E98-98F2-6E3C9A519FA6}</UniqueIdentifier>
      <Extensions>ixx</Extensions>
    </Filter>
  </ItemGroup>
  <ItemGroup>
    <!-- Source Files -->
    <ClCompile Include="src\QuizGame.cpp">
      <Filter>Source Files</Filter>
    </ClCompile>
    <ClCompile Include="src\bitutils.cpp">
      <Filter>Source Files</Filter>
    </ClCompile>
    <ClCompile Include="src\QuizModel.cpp">
      <Filter>Source Files</Filter>
    </ClCompile>
    <ClCompile Include="src\QuizController.cpp">
      <Filter>Source Files</Filter>
    </ClCompile>
    <ClCompile Include="src\TerminalQuizView.cpp">
      <Filter>Source Files</Filter>
    </ClCompile>

    <!-- Module Interface Files -->
    <ClCompile Include="src\bitutils.ixx">
      <Filter>Module Interface Files</Filter>
    </ClCompile>
    <ClCompile Include="src\QuizModel.ixx">
      <Filter>Module Interface Files</Filter>
    </ClCompile>
    <ClCompile Include="src\QuizView.ixx">
      <Filter>Module Interface Files</Filter>
    </ClCompile>
    <ClCompile Include="src\TerminalQuizView.ixx">
      <Filter>Module Interface Files</Filter>
    </ClCompile>
    <ClCompile Include="src\QuizController.ixx">
      <Filter>Module Interface Files</Filter>
    </ClCompile>
    <ClCompile Include="src\Quiz.ixx">
      <Filter>Module Interface Files</Filter>
    </ClCompile>
  </ItemGroup>
</Project>
